
Microsoft Visual Studio Solution File, Format Version 12.00
# Visual Studio Version 16
VisualStudioVersion = 16.0.30804.86
MinimumVisualStudioVersion = 10.0.40219.1
Project("{FAE04EC0-301F-11D3-BF4B-00C04F79EFBC}") = "GazeteveDergiProje", "GazeteveDergiProje\GazeteveDergiProje.csproj", "{20EC79EB-097C-4014-BE8C-10A246A8B725}"
EndProject
Global
	GlobalSection(SolutionConfigurationPlatforms) = preSolution
		Debug|Any CPU = Debug|Any CPU
		Release|Any CPU = Release|Any CPU
	EndGlobalSection
	GlobalSection(ProjectConfigurationPlatforms) = postSolution
		{20EC79EB-097C-4014-BE8C-10A246A8B725}.Debug|Any CPU.ActiveCfg = Debug|Any CPU
		{20EC79EB-097C-4014-BE8C-10A246A8B725}.Debug|Any CPU.Build.0 = Debug|Any CPU
		{20EC79EB-097C-4014-BE8C-10A246A8B725}.Release|Any CPU.ActiveCfg = Release|Any CPU
		{20EC79EB-097C-4014-BE8C-10A246A8B725}.Release|Any CPU.Build.0 = Release|Any CPU
	EndGlobalSection
	GlobalSection(SolutionProperties) = preSolution
		HideSolutionNode = FALSE
	EndGlobalSection
	GlobalSection(ExtensibilityGlobals) = postSolution
		SolutionGuid = {AA2729A0-B967-4B54-85B9-2195930EF8CE}
	EndGlobalSection
EndGlobal
